
Microsoft Visual Studio Solution File, Format Version 12.00
# Visual Studio Version 17
VisualStudioVersion = 17.3.32825.248
MinimumVisualStudioVersion = 10.0.40219.1
Project("{FAE04EC0-301F-11D3-BF4B-00C04F79EFBC}") = "Ex01_01", "Ex01_01\Ex01_01.csproj", "{61BCACFE-834A-4A03-A894-74DBD84F3E03}"
EndProject
Project("{FAE04EC0-301F-11D3-BF4B-00C04F79EFBC}") = "Ex01_04", "Ex01_04\Ex01_04.csproj", "{7D1EA73C-CF53-482E-B05E-1F67670170E9}"
EndProject
Project("{FAE04EC0-301F-11D3-BF4B-00C04F79EFBC}") = "Ex01_05", "Ex01_05\Ex01_05.csproj", "{A7CA334E-83FF-466F-A6CE-8DF5852125B6}"
EndProject
Project("{FAE04EC0-301F-11D3-BF4B-00C04F79EFBC}") = "Ex01_02", "Ex01_02\Ex01_02.csproj", "{DDE0D13A-6F8A-4BD4-9B90-A5E7D302BA6C}"
EndProject
Project("{FAE04EC0-301F-11D3-BF4B-00C04F79EFBC}") = "Ex01_03", "Ex01_03\Ex01_03.csproj", "{8C672776-F95F-42B7-9CF0-3876D619F263}"
EndProject
Global
	GlobalSection(SolutionConfigurationPlatforms) = preSolution
		Debug|Any CPU = Debug|Any CPU
		Release|Any CPU = Release|Any CPU
	EndGlobalSection
	GlobalSection(ProjectConfigurationPlatforms) = postSolution
		{61BCACFE-834A-4A03-A894-74DBD84F3E03}.Debug|Any CPU.ActiveCfg = Debug|Any CPU
		{61BCACFE-834A-4A03-A894-74DBD84F3E03}.Debug|Any CPU.Build.0 = Debug|Any CPU
		{61BCACFE-834A-4A03-A894-74DBD84F3E03}.Release|Any CPU.ActiveCfg = Release|Any CPU
		{61BCACFE-834A-4A03-A894-74DBD84F3E03}.Release|Any CPU.Build.0 = Release|Any CPU
		{7D1EA73C-CF53-482E-B05E-1F67670170E9}.Debug|Any CPU.ActiveCfg = Debug|Any CPU
		{7D1EA73C-CF53-482E-B05E-1F67670170E9}.Debug|Any CPU.Build.0 = Debug|Any CPU
		{7D1EA73C-CF53-482E-B05E-1F67670170E9}.Release|Any CPU.ActiveCfg = Release|Any CPU
		{7D1EA73C-CF53-482E-B05E-1F67670170E9}.Release|Any CPU.Build.0 = Release|Any CPU
		{A7CA334E-83FF-466F-A6CE-8DF5852125B6}.Debug|Any CPU.ActiveCfg = Debug|Any CPU
		{A7CA334E-83FF-466F-A6CE-8DF5852125B6}.Debug|Any CPU.Build.0 = Debug|Any CPU
		{A7CA334E-83FF-466F-A6CE-8DF5852125B6}.Release|Any CPU.ActiveCfg = Release|Any CPU
		{A7CA334E-83FF-466F-A6CE-8DF5852125B6}.Release|Any CPU.Build.0 = Release|Any CPU
		{DDE0D13A-6F8A-4BD4-9B90-A5E7D302BA6C}.Debug|Any CPU.ActiveCfg = Debug|Any CPU
		{DDE0D13A-6F8A-4BD4-9B90-A5E7D302BA6C}.Debug|Any CPU.Build.0 = Debug|Any CPU
		{DDE0D13A-6F8A-4BD4-9B90-A5E7D302BA6C}.Release|Any CPU.ActiveCfg = Release|Any CPU
		{DDE0D13A-6F8A-4BD4-9B90-A5E7D302BA6C}.Release|Any CPU.Build.0 = Release|Any CPU
		{8C672776-F95F-42B7-9CF0-3876D619F263}.Debug|Any CPU.ActiveCfg = Debug|Any CPU
		{8C672776-F95F-42B7-9CF0-3876D619F263}.Debug|Any CPU.Build.0 = Debug|Any CPU
		{8C672776-F95F-42B7-9CF0-3876D619F263}.Release|Any CPU.ActiveCfg = Release|Any CPU
		{8C672776-F95F-42B7-9CF0-3876D619F263}.Release|Any CPU.Build.0 = Release|Any CPU
	EndGlobalSection
	GlobalSection(SolutionProperties) = preSolution
		HideSolutionNode = FALSE
	EndGlobalSection
	GlobalSection(ExtensibilityGlobals) = postSolution
		SolutionGuid = {BEDE0184-B108-43BD-A77D-2157E7FD9505}
	EndGlobalSection
EndGlobal
